# THIS IS AN AUTOGENERATED FILE. DO NOT EDIT THIS FILE DIRECTLY.
# yarn lockfile v1


"@babel/parser@^7.7.7":
  version "7.14.3"
  resolved "https://registry.yarnpkg.com/@babel/parser/-/parser-7.14.3.tgz#9b530eecb071fd0c93519df25c5ff9f14759f298"
  integrity sha512-7MpZDIfI7sUC5zWo2+foJ50CSI5lcqDehZ0lVgIhSi4bFEk94fLAKlF3Q0nzSQQ+ca0lm+O6G9ztKVBeu8PMRQ==

wenyanizer@^0.2.10:
  version "0.2.10"
  resolved "https://registry.yarnpkg.com/wenyanizer/-/wenyanizer-0.2.10.tgz#d85d4078eb65b2e10de185902358f2e87bfe5ef7"
  integrity sha512-sFxk9u7FH9WHBX8RV7/botdIRYHciRrM32wtxXTiNT7K1QGyHwJnd+eYGIPlSuDfT0bZ5zPnWIhpR+xykZLvYw==
  dependencies:
    "@babel/parser" "^7.7.7"
